
Microsoft Visual Studio Solution File, Format Version 12.00
# Visual Studio Version 16
VisualStudioVersion = 16.0.32228.343
MinimumVisualStudioVersion = 10.0.40219.1
Project("{FAE04EC0-301F-11D3-BF4B-00C04F79EFBC}") = "BIIT_Parent_Appointment", "BIIT_Parent_Appointment\BIIT_Parent_Appointment.csproj", "{7A6E36AF-82F5-4CEE-87CD-9F91878C7531}"
EndProject
Global
	GlobalSection(SolutionConfigurationPlatforms) = preSolution
		Debug|Any CPU = Debug|Any CPU
		Release|Any CPU = Release|Any CPU
	EndGlobalSection
	GlobalSection(ProjectConfigurationPlatforms) = postSolution
		{7A6E36AF-82F5-4CEE-87CD-9F91878C7531}.Debug|Any CPU.ActiveCfg = Debug|Any CPU
		{7A6E36AF-82F5-4CEE-87CD-9F91878C7531}.Debug|Any CPU.Build.0 = Debug|Any CPU
		{7A6E36AF-82F5-4CEE-87CD-9F91878C7531}.Release|Any CPU.ActiveCfg = Release|Any CPU
		{7A6E36AF-82F5-4CEE-87CD-9F91878C7531}.Release|Any CPU.Build.0 = Release|Any CPU
	EndGlobalSection
	GlobalSection(SolutionProperties) = preSolution
		HideSolutionNode = FALSE
	EndGlobalSection
	GlobalSection(ExtensibilityGlobals) = postSolution
		SolutionGuid = {DFD23703-0B7E-44A7-9B4C-8DA69770A694}
	EndGlobalSection
EndGlobal
